version = 1
revision = 3
requires-python = ">=3.10"

[[package]]
name = "colorama"
version = "0.4.6"
source = { registry = "https://pypi.org/simple" }
sdist = { url = "https://files.pythonhosted.org/packages/d8/53/6f443c9a4a8358a93a6792e2acffb9d9d5cb0a5cfd8802644b7b1c9a02e4/colorama-0.4.6.tar.gz", hash = "sha256:08695f5cb7ed6e0531a20572697297273c47b8cae5a63ffc6d6ed5c201be6e44", size = 27697, upload-time = "2022-10-25T02:36:22.414Z" }
wheels = [
    { url = "https://files.pythonhosted.org/packages/d1/d6/3965ed04c63042e047cb6a3e6ed1a63a35087b6a609aa3a15ed8ac56c221/colorama-0.4.6-py2.py3-none-any.whl", hash = "sha256:4f1d9991f5acc0ca119f9d443620b77f9d6b33703e51011c16baf57afb285fc6", size = 25335, upload-time = "2022-10-25T02:36:20.889Z" },
]

[[package]]
name = "exceptiongroup"
version = "1.3.1"
source = { registry = "https://pypi.org/simple" }
dependencies = [
    { name = "typing-extensions", marker = "python_full_version < '3.13'" },
]
sdist = { url = "https://files.pythonhosted.org/packages/50/79/66800aadf48771f6b62f7eb014e352e5d06856655206165d775e675a02c9/exceptiongroup-1.3.1.tar.gz", hash = "sha256:8b412432c6055b0b7d14c310000ae93352ed6754f70fa8f7c34141f91c4e3219", size = 30371, upload-time = "2025-11-21T23:01:54.787Z" }
wheels = [
    { url = "https://files.pythonhosted.org/packages/8a/0e/97c33bf5009bdbac74fd2beace167cab3f978feb69cc36f1ef79360d6c4e/exceptiongroup-1.3.1-py3-none-any.whl", hash = "sha256:a7a39a3bd276781e98394987d3a5701d0c4edffb633bb7a5144577f82c773598", size = 16740, upload-time = "2025-11-21T23:01:53.443Z" },
]

[[package]]
name = "gmpy2"
version = "2.3.0"
source = { registry = "https://pypi.org/simple" }
sdist = { url = "https://files.pythonhosted.org/packages/57/57/86fd2ed7722cddfc7b1aa87cc768ef89944aa759b019595765aff5ad96a7/gmpy2-2.3.0.tar.gz", hash = "sha256:2d943cc9051fcd6b15b2a09369e2f7e18c526bc04c210782e4da61b62495eb4a", size = 302252, upload-time = "2026-02-08T00:57:42.808Z" }
wheels = [
    { url = "https://files.pythonhosted.org/packages/b3/92/56b1a19a3ab91a453fcc94d7c28e800f50be109dc8b753e49901bacb6239/gmpy2-2.3.0-cp310-cp310-macosx_10_9_x86_64.whl", hash = "sha256:e993f860fdd8d7c7d817ad55abfbd7002e2416da32990f7f24f3e1fc09151f00", size = 858397, upload-time = "2026-02-08T00:55:52.423Z" },
    { url = "https://files.pythonhosted.org/packages/fc/f0/987e0a06fe9db4ccabe29e991290298dd28c904dafa01b48eec79f5deff9/gmpy2-2.3.0-cp310-cp310-macosx_11_0_arm64.whl", hash = "sha256:c00b8f5c4e0e75a37a881b56bf34da1cab9f2e2f705bc2c556a077994586e471", size = 708815, upload-time = "2026-02-08T00:55:54.317Z" },
    { url = "https://files.pythonhosted.org/packages/ba/dd/16c0d51be94c39bc5a4ffbb7daeb5e024adb12bc9fb3ac2f5b19b3e54ff4/gmpy2-2.3.0-cp310-cp310-manylinux2014_aarch64.manylinux_2_17_aarch64.manylinux_2_28_aarch64.whl", hash = "sha256:5fcee5a11f66c7e0c55b73868e016a2e30e60adad52eadf8cc4edb1f01c81af3", size = 1643839, upload-time = "2026-02-08T00:55:56.647Z" },
    { url = "https://files.pythonhosted.org/packages/dc/04/6ce165a5816e153836cb7bc29cd2c0a9fbdb0a2d48bbfefd9485d20eeb4a/gmpy2-2.3.0-cp310-cp310-manylinux2014_x86_64.manylinux_2_17_x86_64.manylinux_2_28_x86_64.whl", hash = "sha256:950e261e5a32e2e2dadf0a120cb5bcbf09ce5d3f449b1949d4f98805991af73a", size = 1745124, upload-time = "2026-02-08T00:55:57.917Z" },
    { url = "https://files.pythonhosted.org/packages/75/c5/a697128fba1d03816e36e74d0afadeed7a374cd9e95ad5b0c3ec50bf00f8/gmpy2-2.3.0-cp310-cp310-musllinux_1_2_aarch64.whl", hash = "sha256:dd298f0a6c49e4293c5f87b47871f6c6d3376a532647d5f82e55f2eab79e033e", size = 1663221, upload-time = "2026-02-08T00:55:59.215Z" },
    { url = "https://files.pythonhosted.org/packages/b1/18/59f96d7e0dd1a1e588b09840836bb96e68f8da22a364eb1744b0a0c53d2b/gmpy2-2.3.0-cp310-cp310-musllinux_1_2_x86_64.whl", hash = "sha256:8667105be66a733a2398e613a489c5684ee2c7d835406266759f7c04e2a75e05", size = 1700555, upload-time = "2026-02-08T00:56:00.659Z" },
    { url = "https://files.pythonhosted.org/packages/43/be/119484d2a753bccb9ee60e4d120d0a6629406789ec0cff1a0ea82bf11e50/gmpy2-2.3.0-cp310-cp310-win_amd64.whl", hash = "sha256:ca24dfc437e1c387454b83e837ab1d43b356aa350aecd723d5828a34ed60718a", size = 1234841, upload-time = "2026-02-08T00:56:02.663Z" },
    { url = "https://files.pythonhosted.org/packages/59/e3/510b42b5e0bd5692573e31578269162829ce501f99f0bd8aff222af5ce7b/gmpy2-2.3.0-cp310-cp310-win_arm64.whl", hash = "sha256:72d4430faf34065e12b3296de7dd8f0f1bf07c34c2d9208fba6a550db6fd44c7", size = 855440, upload-time = "2026-02-08T00:56:04.591Z" },
    { url = "https://files.pythonhosted.org/packages/a3/70/0b5bde5f8e960c25ee18a352eb12bf5078d7fff3367c86d04985371de3f5/gmpy2-2.3.0-cp311-cp311-macosx_10_9_x86_64.whl", hash = "sha256:2792ec96b2c4ee5af9f72409cd5b786edaf8277321f7022ce80ddff265815b01", size = 858392, upload-time = "2026-02-08T00:56:06.264Z" },
    { url = "https://files.pythonhosted.org/packages/c7/9b/2b52e92d0f1f36428e93ad7980634156fb5a1c88044984b0c03988951dc7/gmpy2-2.3.0-cp311-cp311-macosx_11_0_arm64.whl", hash = "sha256:f3770aa5e44c5650d18232a0b8b8ed3d12db530d8278d4c800e4de5eef24cac5", size = 708753, upload-time = "2026-02-08T00:56:07.539Z" },
    { url = "https://files.pythonhosted.org/packages/e8/74/dac71b2f9f7844c40b38b6e43e3f793193420fd65573258147792cc069ce/gmpy2-2.3.0-cp311-cp311-manylinux2014_aarch64.manylinux_2_17_aarch64.manylinux_2_28_aarch64.whl", hash = "sha256:f9b4cee1fa3647505f53b81dc3b60ac49034768117f6295a04aaf4d3f216b821", size = 1674005, upload-time = "2026-02-08T00:56:10.932Z" },
    { url = "https://files.pythonhosted.org/packages/2c/29/16548784d70b2a58919720cb976a968b9b14a1b8ccebfe4a21d21647ecec/gmpy2-2.3.0-cp311-cp311-manylinux2014_x86_64.manylinux_2_17_x86_64.manylinux_2_28_x86_64.whl", hash = "sha256:fd9f4124d7dc39d50896ba08820049a95f9f3952dcd6e072cc3a9d07361b7f1f", size = 1774200, upload-time = "2026-02-08T00:56:13.167Z" },
    { url = "https://files.pythonhosted.org/packages/75/c5/ef9efb075388e91c166f74234cd54897af7a2d3b93c66a9c3a266c796c99/gmpy2-2.3.0-cp311-cp311-musllinux_1_2_aarch64.whl", hash = "sha256:2f6b38e1b6d2aeb553c936c136c3a12cf983c9f9ce3e211b8632744a15f2bce7", size = 1693346, upload-time = "2026-02-08T00:56:14.999Z" },
    { url = "https://files.pythonhosted.org/packages/13/7e/1a1d6f50bb428434ca6930df0df6d9f8ad914c103106e60574b5df349f36/gmpy2-2.3.0-cp311-cp311-musllinux_1_2_x86_64.whl", hash = "sha256:089229ef18b8d804a76fec9bd7e7d653f598a977e8354f7de8850731a48adb37", size = 1731821, upload-time = "2026-02-08T00:56:16.524Z" },
    { url = "https://files.pythonhosted.org/packages/49/47/f1140943bed78da59261edb377b9497b74f6e583d7accc9dc20592753a25/gmpy2-2.3.0-cp311-cp311-win_amd64.whl", hash = "sha256:f1843f2ca5a1643fac7563a12a6a7d68e539d93de4afe5812355d32fb1613891", size = 1234877, upload-time = "2026-02-08T00:56:17.919Z" },
    { url = "https://files.pythonhosted.org/packages/64/44/a19e4a1628067bf7d27eeda2a1a874b1a5e750e2f5847cc2c49e90946eb5/gmpy2-2.3.0-cp311-cp311-win_arm64.whl", hash = "sha256:cd5b92fa675dde5151ebe8d89814c78d573e5210cdc162016080782778f15654", size = 855570, upload-time = "2026-02-08T00:56:19.415Z" },
    { url = "https://files.pythonhosted.org/packages/5c/e0/f70385e41b265b4f3534c7f41e78eefcf78dfe3a0d490816c697bb0703a9/gmpy2-2.3.0-cp312-cp312-macosx_10_13_x86_64.whl", hash = "sha256:f35d6b1a8f067323a0a0d7034699284baebef498b030bbb29ab31d2ec13d1068", size = 857355, upload-time = "2026-02-08T00:56:20.674Z" },
    { url = "https://files.pythonhosted.org/packages/52/31/637015bd02bc74c6d854fc92ca1c24109a91691df07bc5e10bd14e09fd15/gmpy2-2.3.0-cp312-cp312-macosx_11_0_arm64.whl", hash = "sha256:392d0560526dfa377c54c5c001d507fbbdea6cf54574895b90a97fc3587fa51e", size = 708996, upload-time = "2026-02-08T00:56:22.058Z" },
    { url = "https://files.pythonhosted.org/packages/f4/21/7f8bf79c486cff140aca76d958cdecfd1986cf989d28e14791a6e09004d8/gmpy2-2.3.0-cp312-cp312-manylinux2014_aarch64.manylinux_2_17_aarch64.manylinux_2_28_aarch64.whl", hash = "sha256:e900f41cc46700a5f49a4fbdcd5cd895e00bd0c2b9889fb2504ac1d594c21ac2", size = 1667404, upload-time = "2026-02-08T00:56:25.199Z" },
    { url = "https://files.pythonhosted.org/packages/86/1a/6efe94b7eb963362a7023b5c31157de703398d77320273a6dd7492736fff/gmpy2-2.3.0-cp312-cp312-manylinux2014_x86_64.manylinux_2_17_x86_64.manylinux_2_28_x86_64.whl", hash = "sha256:713ba9b7a0a9098591f202e8f24f27ac5dd5001baf088ece1762852608a04b95", size = 1768643, upload-time = "2026-02-08T00:56:27.094Z" },
    { url = "https://files.pythonhosted.org/packages/5b/cf/9e9790f55b076d2010e282fc9a80bb4888c54b5e7fe359ae06a1d4bb76ea/gmpy2-2.3.0-cp312-cp312-musllinux_1_2_aarch64.whl", hash = "sha256:d2ed7b6d557b5d47068e889e2db204321ac855e001316a12928e4e7435f98637", size = 1683858, upload-time = "2026-02-08T00:56:28.422Z" },
    { url = "https://files.pythonhosted.org/packages/0f/02/1644480dc9f499f510979033a09069bb5a4fb3e75cf8f79c894d4ba17eed/gmpy2-2.3.0-cp312-cp312-musllinux_1_2_x86_64.whl", hash = "sha256:9d135dcef824e26e1b3af544004d8f98564d090e7cf1001c50cc93d9dc1dc047", size = 1722019, upload-time = "2026-02-08T00:56:29.973Z" },
    { url = "https://files.pythonhosted.org/packages/5a/3f/5a74a2c9ac2e6076819649707293e16fd0384bee9f065f097d0f2fb89b0c/gmpy2-2.3.0-cp312-cp312-win_amd64.whl", hash = "sha256:9dcbb628f9c806f0e6789f2c5e056e67e949b317af0e9ea0c3f0e0488c56e2a8", size = 1236149, upload-time = "2026-02-08T00:56:31.734Z" },
    { url = "https://files.pythonhosted.org/packages/59/34/e9157d26278462feca182515fd58de1e7a2bb5da0ee7ba80aeed0363776c/gmpy2-2.3.0-cp312-cp312-win_arm64.whl", hash = "sha256:19022e0103aa76803b666720f107d8ab1941c597fd3fe70fadf7c49bac82a097", size = 856534, upload-time = "2026-02-08T00:56:33.059Z" },
    { url = "https://files.pythonhosted.org/packages/cf/ea/a12ef41ea2695f71ebde95f5cd51c11a9ba0058b42ab0448bb5d5d33efa2/gmpy2-2.3.0-cp313-cp313-macosx_10_13_x86_64.whl", hash = "sha256:2f045c824c7ac28bb026e55b8a8c97a41ebbcdfbe1f065e47debb5d842baf667", size = 858114, upload-time = "2026-02-08T00:56:34.853Z" },
    { url = "https://files.pythonhosted.org/packages/5f/c5/7cc5563e7b55527a2cd5b4d25110a3d2dda7b77e966d6138c01b2195142d/gmpy2-2.3.0-cp313-cp313-macosx_11_0_arm64.whl", hash = "sha256:bc09a8fddecf2eed7b6da1b877d96ec9582285f0bbc3bdf57f3dedfcfbef01f7", size = 709962, upload-time = "2026-02-08T00:56:36.222Z" },
    { url = "https://files.pythonhosted.org/packages/28/9e/3c8b255ab55ecd03b9ab52994143b8c9b82d27535b7dfcaae8a5cdd84d2f/gmpy2-2.3.0-cp313-cp313-manylinux2014_aarch64.manylinux_2_17_aarch64.manylinux_2_28_aarch64.whl", hash = "sha256:a12f5b508b940000b54dec3a2fdd3523e09f20b87093a190a55d9a139bb5eece", size = 1666134, upload-time = "2026-02-08T00:56:37.536Z" },
    { url = "https://files.pythonhosted.org/packages/b5/a7/e26e98a14b5e8762a99af7f048a8caa79a2455602ae2ddf9f73760491313/gmpy2-2.3.0-cp313-cp313-manylinux2014_x86_64.manylinux_2_17_x86_64.manylinux_2_28_x86_64.whl", hash = "sha256:488a370c232b314c353982920fded3c275e44a4f55d48d690462ad31cbf971ae", size = 1768911, upload-time = "2026-02-08T00:56:38.828Z" },
    { url = "https://files.pythonhosted.org/packages/58/d4/6149c74c06bc0f2a5f08dd80ca054066dc4ed15fcd7ef52ddae6017b9d11/gmpy2-2.3.0-cp313-cp313-musllinux_1_2_aarch64.whl", hash = "sha256:67606f3da678b3c2379dc606186867cde5061e44f96bf5a114cc6a08ea0d2fc7", size = 1684297, upload-time = "2026-02-08T00:56:40.511Z" },
    { url = "https://files.pythonhosted.org/packages/4d/27/7a0f09d6eb244a39323a6f205d63a28ba44f13d226dfe1f0d3fc943c3ac8/gmpy2-2.3.0-cp313-cp313-musllinux_1_2_x86_64.whl", hash = "sha256:77d4d5b580339f31f89db3640453472d3c8c9308233db35bdccd2e8a93ae61fd", size = 1722649, upload-time = "2026-02-08T00:56:42.468Z" },
    { url = "https://files.pythonhosted.org/packages/59/83/2d22d4455b5156efc93780d5554d0631a47c774aec69bc2ba0a9337bf467/gmpy2-2.3.0-cp313-cp313-win_amd64.whl", hash = "sha256:b308af421eadb1736befdde0f9ab9927d4a674596eef88a99faa98d75bba8f16", size = 1236151, upload-time = "2026-02-08T00:56:43.779Z" },
    { url = "https://files.pythonhosted.org/packages/20/37/d3fbbc3af090a3072a862222eb6c058ab7e121498c969f8be2bae66e43b7/gmpy2-2.3.0-cp313-cp313-win_arm64.whl", hash = "sha256:65d8bf129b50b42644602e241e04ba3a27dafef0b07904964d8b4689704d97d7", size = 856606, upload-time = "2026-02-08T00:56:45.204Z" },
    { url = "https://files.pythonhosted.org/packages/d0/ac/140af3c1771567afa26c3f0b9818e1422b97f6c15a85dd9b6e0febb0d460/gmpy2-2.3.0-cp313-cp313t-macosx_10_13_x86_64.whl", hash = "sha256:800d6bbb5ad1dac5ab13000c4a693332c8e27f169723e4b43f98ec8e15d41277", size = 872709, upload-time = "2026-02-08T00:56:46.426Z" },
    { url = "https://files.pythonhosted.org/packages/82/d1/c9ea11c1895c98f9085f6ba36435ba55e6c3ce06402d26a8eff8d8eb0e50/gmpy2-2.3.0-cp313-cp313t-macosx_11_0_arm64.whl", hash = "sha256:51dd9999a2cbfc4cd1d6166478c2e5749aa9cf5cf384349d2d8f9169463190f1", size = 724416, upload-time = "2026-02-08T00:56:48.251Z" },
    { url = "https://files.pythonhosted.org/packages/aa/2b/a6192d84644fb0c0662753a71873ce18eef4e5100ad34046626206bba1cb/gmpy2-2.3.0-cp313-cp313t-manylinux2014_aarch64.manylinux_2_17_aarch64.manylinux_2_28_aarch64.whl", hash = "sha256:ab62738afef1d65e96d170efdd8e982caa9338591e8faa0ac6999bf574b5f441", size = 1588412, upload-time = "2026-02-08T00:56:50.042Z" },
    { url = "https://files.pythonhosted.org/packages/5f/5e/08ba6cfca37c88dd8e3da9ba093df2f390765df8b38e9e06a442e860b511/gmpy2-2.3.0-cp313-cp313t-manylinux2014_x86_64.manylinux_2_17_x86_64.manylinux_2_28_x86_64.whl", hash = "sha256:122e37c3f2ced5ae30a904d3ba5cc9c9e65e752560911eac44c6e9f3a8a240a1", size = 1683873, upload-time = "2026-02-08T00:56:51.434Z" },
    { url = "https://files.pythonhosted.org/packages/15/5d/edf838778145d98bc564fe7c3eca97175cdf502e500a30a3bd4a10727f8d/gmpy2-2.3.0-cp313-cp313t-musllinux_1_2_aarch64.whl", hash = "sha256:28422e9a137ac1ae60f906b7c1a9b99fc7191e6a8ced3c4222dd514b33d5556f", size = 1601139, upload-time = "2026-02-08T00:56:52.765Z" },
    { url = "https://files.pythonhosted.org/packages/94/9b/cee06002df08b049b90070d9fed022c13c7a99ba1a8ccf1d41104653b645/gmpy2-2.3.0-cp313-cp313t-musllinux_1_2_x86_64.whl", hash = "sha256:fc6329b18bdbac682452ae403edf373be52794400643578863b5a751cc606e4f", size = 1642310, upload-time = "2026-02-08T00:56:54.259Z" },
    { url = "https://files.pythonhosted.org/packages/82/43/4506398e6356fb5d77b970f7883a15a12ea383de364088ba06102d64042b/gmpy2-2.3.0-cp313-cp313t-win_amd64.whl", hash = "sha256:5779f6cf498dfea2dd486c6acff0b61b834d3c3a18724d09f297a495a2ba4794", size = 1263268, upload-time = "2026-02-08T00:56:55.555Z" },
    { url = "https://files.pythonhosted.org/packages/dc/ce/391d55659772a11874be02809f064583db013cbe2c2d595893b5b6bc666d/gmpy2-2.3.0-cp313-cp313t-win_arm64.whl", hash = "sha256:63203c8a31f2afb282e0535e517e8f53a7f63c490b51bb3e1e3dbad67533ca63", size = 860824, upload-time = "2026-02-08T00:56:57.595Z" },
    { url = "https://files.pythonhosted.org/packages/db/2b/183a5a60974c284ea70d6c30dc32f3575c3b215f4a026c6cd128b14e5f7b/gmpy2-2.3.0-cp314-cp314-macosx_10_15_x86_64.whl", hash = "sha256:bf9ac69c1346a6dc21e62261d916325be74d1aee97e87e14c90eedbb0171feba", size = 858117, upload-time = "2026-02-08T00:56:58.914Z" },
    { url = "https://files.pythonhosted.org/packages/6a/22/2e254d93393c5d17b691bb5dacf13e5a25af1b3a389d451ed180a6170785/gmpy2-2.3.0-cp314-cp314-macosx_11_0_arm64.whl", hash = "sha256:0a42ced3bc8a679daa46fba0d7b46f5549c5c1400adc005da76a9420821ad959", size = 710234, upload-time = "2026-02-08T00:57:00.69Z" },
    { url = "https://files.pythonhosted.org/packages/37/e8/8c3a9b16281180d9f0910ba738817d2e523167dcc4f11745d2d5d1be603e/gmpy2-2.3.0-cp314-cp314-manylinux2014_aarch64.manylinux_2_17_aarch64.manylinux_2_28_aarch64.whl", hash = "sha256:17770d7a8fb06159563d63a69b95e9c935f94d078ec5b1876e64ae2f233cc97b", size = 1663100, upload-time = "2026-02-08T00:57:02.006Z" },
    { url = "https://files.pythonhosted.org/packages/d8/7c/acda4d717e1612aa7bdd58271e724c7dfb1b648cf8d55b16ec54ab1a9de7/gmpy2-2.3.0-cp314-cp314-manylinux2014_x86_64.manylinux_2_17_x86_64.manylinux_2_28_x86_64.whl", hash = "sha256:566861a586dabffc4913b3a99f611240c966e9d5fab71cdb3147e759a035ebd2", size = 1766955, upload-time = "2026-02-08T00:57:03.62Z" },
    { url = "https://files.pythonhosted.org/packages/9c/3a/b19226a5da1584b4de866beeb57bd80264cf033a62f29f4e06372dda25d2/gmpy2-2.3.0-cp314-cp314-musllinux_1_2_aarch64.whl", hash = "sha256:04112c8c572499877aa785e91a1b06a90ac65138638d8d331b78032b2fe76dd9", size = 1682426, upload-time = "2026-02-08T00:57:04.918Z" },
    { url = "https://files.pythonhosted.org/packages/a1/d4/c8e0987602cd2bb7a52f86d0288c77f444c6aaf565f329c6ee5c569a0e2d/gmpy2-2.3.0-cp314-cp314-musllinux_1_2_x86_64.whl", hash = "sha256:404f1c46e9e3871c482d485f661b8b94e7b8bb7837e582d2dad961a3c8a9aa81", size = 1720961, upload-time = "2026-02-08T00:57:06.321Z" },
    { url = "https://files.pythonhosted.org/packages/cb/a8/02eaf120e6d4379a68937c3c8af6974bbb71f59afa487fb41db168802bef/gmpy2-2.3.0-cp314-cp314-win_amd64.whl", hash = "sha256:9cedc4e27c543fa811175a00765bd284114fc6f813fcca2dbb24b383173115e2", size = 1262433, upload-time = "2026-02-08T00:57:09.459Z" },
    { url = "https://files.pythonhosted.org/packages/4b/2b/d729eb8b27ea66cdb4cdff69935b2b9fd119ef0dfd10a6ea073c5515a044/gmpy2-2.3.0-cp314-cp314-win_arm64.whl", hash = "sha256:51051b7327f384cbd6e3fecdb31280c3aab5648cc5f49a79d447b9851840eb65", size = 878764, upload-time = "2026-02-08T00:57:10.781Z" },
    { url = "https://files.pythonhosted.org/packages/4b/27/466e68e414a8393daed986b7115d5af279b7c7898265d0489f0a7d48550d/gmpy2-2.3.0-cp314-cp314t-macosx_10_15_x86_64.whl", hash = "sha256:23235c78f75f5d5349c5a28ba747abdabf8e43cb6c3e2d7296d9be07d5ee150c", size = 872741, upload-time = "2026-02-08T00:57:12.292Z" },
    { url = "https://files.pythonhosted.org/packages/6b/df/cdb5ca9310e76ab13172f058b6bc555b26d500e935c86c37bfd82dbc6e9e/gmpy2-2.3.0-cp314-cp314t-macosx_11_0_arm64.whl", hash = "sha256:884b200343db4eca4a918cff602ecd1686a8dfc44f4b0b7e7df21747edf4e168", size = 724203, upload-time = "2026-02-08T00:57:13.599Z" },
    { url = "https://files.pythonhosted.org/packages/81/78/8dc4d19701ddd0c121a5c98731ddb2cba353bc6fd2cee4136016ccfa910b/gmpy2-2.3.0-cp314-cp314t-manylinux2014_aarch64.manylinux_2_17_aarch64.manylinux_2_28_aarch64.whl", hash = "sha256:9d7cae51c2613884192901b3b7cf6546e4c70548589b58ef9eec7d3aaea88783", size = 1586697, upload-time = "2026-02-08T00:57:14.976Z" },
    { url = "https://files.pythonhosted.org/packages/99/55/4293bb1d180a74389cab9ef9dcc5337de0ca7b1254da395f8b41a4b63b99/gmpy2-2.3.0-cp314-cp314t-manylinux2014_x86_64.manylinux_2_17_x86_64.manylinux_2_28_x86_64.whl", hash = "sha256:399d8ed2168075837c9b8817808532d5d3fc197cd7b121822e97e8add3e60f7f", size = 1682178, upload-time = "2026-02-08T00:57:16.356Z" },
    { url = "https://files.pythonhosted.org/packages/7e/4f/c6d1104e4420e3d6a568653e4e3ee11fa368d1292f715e9b54cfc01bddc1/gmpy2-2.3.0-cp314-cp314t-musllinux_1_2_aarch64.whl", hash = "sha256:a5713e51e244470e986051ac2be4aa4d0594067216f07d76cd07234f8c25a2c6", size = 1600481, upload-time = "2026-02-08T00:57:17.638Z" },
    { url = "https://files.pythonhosted.org/packages/ef/0d/c9a1e7115822f1685958b29b05118d9b741a6670b5b80a40eaf39286afe3/gmpy2-2.3.0-cp314-cp314t-musllinux_1_2_x86_64.whl", hash = "sha256:baf62ccecb76a0c922af2f01c7fbb0b0f7606ed41fd7d59458656898a0dad5c9", size = 1639960, upload-time = "2026-02-08T00:57:18.895Z" },
    { url = "https://files.pythonhosted.org/packages/40/2d/9f5e6b7aa5a8d5ff09b9a2be01d6e6a8e79047c6362c12bd3c8a3d529d25/gmpy2-2.3.0-cp314-cp314t-win_amd64.whl", hash = "sha256:8b6399d2dd1229242b0e24ebf525f70fee0efa98f366990c7efafd32ce90855c", size = 1293163, upload-time = "2026-02-08T00:57:20.261Z" },
    { url = "https://files.pythonhosted.org/packages/96/40/4d55a2e094e203e89ad966903ed887bd379008c39ec94b6474260472b7f1/gmpy2-2.3.0-cp314-cp314t-win_arm64.whl", hash = "sha256:3c13f1078b30bbb95472f38e6213fb269be55ef37ede94fb9695fb1173e568a4", size = 882976, upload-time = "2026-02-08T00:57:21.712Z" },
    { url = "https://files.pythonhosted.org/packages/a1/10/f95d0103be9c1c458d5d92a72cca341a4ce0f1ca3ae6f79839d0f171f7ea/gmpy2-2.3.0-pp311-pypy311_pp73-macosx_10_15_x86_64.whl", hash = "sha256:71dc3734104fa1f300d35ac6f55c7e98f7b0e1c7fd96f27b409110ed1c0c47d2", size = 840903, upload-time = "2026-02-08T00:57:34.192Z" },
    { url = "https://files.pythonhosted.org/packages/5b/50/677daeb75c038cdd773d575eefd34e96dbdd7b03c91166e56e6f8ed7acc2/gmpy2-2.3.0-pp311-pypy311_pp73-macosx_11_0_arm64.whl", hash = "sha256:4623e700423396ef3d1658efa83b6feb0615fb68cb0b850e9ac0cba966db34c8", size = 691637, upload-time = "2026-02-08T00:57:35.495Z" },
    { url = "https://files.pythonhosted.org/packages/bd/cf/f1eb022f61c7bcc2dc428d345a7c012f0fabe1acb8db0d8216f23a46a915/gmpy2-2.3.0-pp311-pypy311_pp73-manylinux2014_aarch64.manylinux_2_17_aarch64.manylinux_2_28_aarch64.whl", hash = "sha256:692289a37442468856328986e0fab7e7e71c514bc470e1abae82d3bc54ca4cd2", size = 939209, upload-time = "2026-02-08T00:57:37.19Z" },
    { url = "https://files.pythonhosted.org/packages/db/ae/c651b8d903f4d8a65e4f959e2fd39c963d36cb2c6bfc452aa6d7db0fc5b3/gmpy2-2.3.0-pp311-pypy311_pp73-manylinux2014_x86_64.manylinux_2_17_x86_64.manylinux_2_28_x86_64.whl", hash = "sha256:bb379412033b52c3ec6bc44c6eaa134c88a068b6f1f360e6c13ca962082478ee", size = 1039433, upload-time = "2026-02-08T00:57:38.841Z" },
    { url = "https://files.pythonhosted.org/packages/53/1a/72844930f855d50b831a899f53365404ec81c165a68dea6ea3fa1668ba46/gmpy2-2.3.0-pp311-pypy311_pp73-win_amd64.whl", hash = "sha256:8d087b262a0356c318a56fbb5c718e4e56762d861b2f9d581adc90a180264db9", size = 1233930, upload-time = "2026-02-08T00:57:40.228Z" },
]

[[package]]
name = "godelify"
version = "0.1.0"
source = { editable = "." }
dependencies = [
    { name = "gmpy2" },
    { name = "sympy" },
]

[package.optional-dependencies]
dev = [
    { name = "pytest" },
]

[package.metadata]
requires-dist = [
    { name = "gmpy2", specifier = ">=2.3.0" },
    { name = "pytest", marker = "extra == 'dev'" },
    { name = "sympy" },
]
provides-extras = ["dev"]

[[package]]
name = "iniconfig"
version = "2.3.0"
source = { registry = "https://pypi.org/simple" }
sdist = { url = "https://files.pythonhosted.org/packages/72/34/14ca021ce8e5dfedc35312d08ba8bf51fdd999c576889fc2c24cb97f4f10/iniconfig-2.3.0.tar.gz", hash = "sha256:c76315c77db068650d49c5b56314774a7804df16fee4402c1f19d6d15d8c4730", size = 20503, upload-time = "2025-10-18T21:55:43.219Z" }
wheels = [
    { url = "https://files.pythonhosted.org/packages/cb/b1/3846dd7f199d53cb17f49cba7e651e9ce294d8497c8c150530ed11865bb8/iniconfig-2.3.0-py3-none-any.whl", hash = "sha256:f631c04d2c48c52b84d0d0549c99ff3859c98df65b3101406327ecc7d53fbf12", size = 7484, upload-time = "2025-10-18T21:55:41.639Z" },
]

[[package]]
name = "mpmath"
version = "1.3.0"
source = { registry = "https://pypi.org/simple" }
sdist = { url = "https://files.pythonhosted.org/packages/e0/47/dd32fa426cc72114383ac549964eecb20ecfd886d1e5ccf5340b55b02f57/mpmath-1.3.0.tar.gz", hash = "sha256:7a28eb2a9774d00c7bc92411c19a89209d5da7c4c9a9e227be8330a23a25b91f", size = 508106, upload-time = "2023-03-07T16:47:11.061Z" }
wheels = [
    { url = "https://files.pythonhosted.org/packages/43/e3/7d92a15f894aa0c9c4b49b8ee9ac9850d6e63b03c9c32c0367a13ae62209/mpmath-1.3.0-py3-none-any.whl", hash = "sha256:a0b2b9fe80bbcd81a6647ff13108738cfb482d481d826cc0e02f5b35e5c88d2c", size = 536198, upload-time = "2023-03-07T16:47:09.197Z" },
]

[[package]]
name = "packaging"
version = "26.2"
source = { registry = "https://pypi.org/simple" }
sdist = { url = "https://files.pythonhosted.org/packages/d7/f1/e7a6dd94a8d4a5626c03e4e99c87f241ba9e350cd9e6d75123f992427270/packaging-26.2.tar.gz", hash = "sha256:ff452ff5a3e828ce110190feff1178bb1f2ea2281fa2075aadb987c2fb221661", size = 228134, upload-time = "2026-04-24T20:15:23.917Z" }
wheels = [
    { url = "https://files.pythonhosted.org/packages/df/b2/87e62e8c3e2f4b32e5fe99e0b86d576da1312593b39f47d8ceef365e95ed/packaging-26.2-py3-none-any.whl", hash = "sha256:5fc45236b9446107ff2415ce77c807cee2862cb6fac22b8a73826d0693b0980e", size = 100195, upload-time = "2026-04-24T20:15:22.081Z" },
]

[[package]]
name = "pluggy"
version = "1.6.0"
source = { registry = "https://pypi.org/simple" }
sdist = { url = "https://files.pythonhosted.org/packages/f9/e2/3e91f31a7d2b083fe6ef3fa267035b518369d9511ffab804f839851d2779/pluggy-1.6.0.tar.gz", hash = "sha256:7dcc130b76258d33b90f61b658791dede3486c3e6bfb003ee5c9bfb396dd22f3", size = 69412, upload-time = "2025-05-15T12:30:07.975Z" }
wheels = [
    { url = "https://files.pythonhosted.org/packages/54/20/4d324d65cc6d9205fabedc306948156824eb9f0ee1633355a8f7ec5c66bf/pluggy-1.6.0-py3-none-any.whl", hash = "sha256:e920276dd6813095e9377c0bc5566d94c932c33b27a3e3945d8389c374dd4746", size = 20538, upload-time = "2025-05-15T12:30:06.134Z" },
]

[[package]]
name = "pygments"
version = "2.20.0"
source = { registry = "https://pypi.org/simple" }
sdist = { url = "https://files.pythonhosted.org/packages/c3/b2/bc9c9196916376152d655522fdcebac55e66de6603a76a02bca1b6414f6c/pygments-2.20.0.tar.gz", hash = "sha256:6757cd03768053ff99f3039c1a36d6c0aa0b263438fcab17520b30a303a82b5f", size = 4955991, upload-time = "2026-03-29T13:29:33.898Z" }
wheels = [
    { url = "https://files.pythonhosted.org/packages/f4/7e/a72dd26f3b0f4f2bf1dd8923c85f7ceb43172af56d63c7383eb62b332364/pygments-2.20.0-py3-none-any.whl", hash = "sha256:81a9e26dd42fd28a23a2d169d86d7ac03b46e2f8b59ed4698fb4785f946d0176", size = 1231151, upload-time = "2026-03-29T13:29:30.038Z" },
]

[[package]]
name = "pytest"
version = "9.0.3"
source = { registry = "https://pypi.org/simple" }
dependencies = [
    { name = "colorama", marker = "sys_platform == 'win32'" },
    { name = "exceptiongroup", marker = "python_full_version < '3.11'" },
    { name = "iniconfig" },
    { name = "packaging" },
    { name = "pluggy" },
    { name = "pygments" },
    { name = "tomli", marker = "python_full_version < '3.11'" },
]
sdist = { url = "https://files.pythonhosted.org/packages/7d/0d/549bd94f1a0a402dc8cf64563a117c0f3765662e2e668477624baeec44d5/pytest-9.0.3.tar.gz", hash = "sha256:b86ada508af81d19edeb213c681b1d48246c1a91d304c6c81a427674c17eb91c", size = 1572165, upload-time = "2026-04-07T17:16:18.027Z" }
wheels = [
    { url = "https://files.pythonhosted.org/packages/d4/24/a372aaf5c9b7208e7112038812994107bc65a84cd00e0354a88c2c77a617/pytest-9.0.3-py3-none-any.whl", hash = "sha256:2c5efc453d45394fdd706ade797c0a81091eccd1d6e4bccfcd476e2b8e0ab5d9", size = 375249, upload-time = "2026-04-07T17:16:16.13Z" },
]

[[package]]
name = "sympy"
version = "1.14.0"
source = { registry = "https://pypi.org/simple" }
dependencies = [
    { name = "mpmath" },
]
sdist = { url = "https://files.pythonhosted.org/packages/83/d3/803453b36afefb7c2bb238361cd4ae6125a569b4db67cd9e79846ba2d68c/sympy-1.14.0.tar.gz", hash = "sha256:d3d3fe8df1e5a0b42f0e7bdf50541697dbe7d23746e894990c030e2b05e72517", size = 7793921, upload-time = "2025-04-27T18:05:01.611Z" }
wheels = [
    { url = "https://files.pythonhosted.org/packages/a2/09/77d55d46fd61b4a135c444fc97158ef34a095e5681d0a6c10b75bf356191/sympy-1.14.0-py3-none-any.whl", hash = "sha256:e091cc3e99d2141a0ba2847328f5479b05d94a6635cb96148ccb3f34671bd8f5", size = 6299353, upload-time = "2025-04-27T18:04:59.103Z" },
]

[[package]]
name = "tomli"
version = "2.4.1"
source = { registry = "https://pypi.org/simple" }
sdist = { url = "https://files.pythonhosted.org/packages/22/de/48c59722572767841493b26183a0d1cc411d54fd759c5607c4590b6563a6/tomli-2.4.1.tar.gz", hash = "sha256:7c7e1a961a0b2f2472c1ac5b69affa0ae1132c39adcb67aba98568702b9cc23f", size = 17543, upload-time = "2026-03-25T20:22:03.828Z" }
wheels = [
    { url = "https://files.pythonhosted.org/packages/f4/11/db3d5885d8528263d8adc260bb2d28ebf1270b96e98f0e0268d32b8d9900/tomli-2.4.1-cp311-cp311-macosx_10_9_x86_64.whl", hash = "sha256:f8f0fc26ec2cc2b965b7a3b87cd19c5c6b8c5e5f436b984e85f486d652285c30", size = 154704, upload-time = "2026-03-25T20:21:10.473Z" },
    { url = "https://files.pythonhosted.org/packages/6d/f7/675db52c7e46064a9aa928885a9b20f4124ecb9bc2e1ce74c9106648d202/tomli-2.4.1-cp311-cp311-macosx_11_0_arm64.whl", hash = "sha256:4ab97e64ccda8756376892c53a72bd1f964e519c77236368527f758fbc36a53a", size = 149454, upload-time = "2026-03-25T20:21:12.036Z" },
    { url = "https://files.pythonhosted.org/packages/61/71/81c50943cf953efa35bce7646caab3cf457a7d8c030b27cfb40d7235f9ee/tomli-2.4.1-cp311-cp311-manylinux2014_aarch64.manylinux_2_17_aarch64.manylinux_2_28_aarch64.whl", hash = "sha256:96481a5786729fd470164b47cdb3e0e58062a496f455ee41b4403be77cb5a076", size = 237561, upload-time = "2026-03-25T20:21:13.098Z" },
    { url = "https://files.pythonhosted.org/packages/48/c1/f41d9cb618acccca7df82aaf682f9b49013c9397212cb9f53219e3abac37/tomli-2.4.1-cp311-cp311-manylinux2014_x86_64.manylinux_2_17_x86_64.manylinux_2_28_x86_64.whl", hash = "sha256:5a881ab208c0baf688221f8cecc5401bd291d67e38a1ac884d6736cbcd8247e9", size = 243824, upload-time = "2026-03-25T20:21:14.569Z" },
    { url = "https://files.pythonhosted.org/packages/22/e4/5a816ecdd1f8ca51fb756ef684b90f2780afc52fc67f987e3c61d800a46d/tomli-2.4.1-cp311-cp311-musllinux_1_2_aarch64.whl", hash = "sha256:47149d5bd38761ac8be13a84864bf0b7b70bc051806bc3669ab1cbc56216b23c", size = 242227, upload-time = "2026-03-25T20:21:15.712Z" },
    { url = "https://files.pythonhosted.org/packages/6b/49/2b2a0ef529aa6eec245d25f0c703e020a73955ad7edf73e7f54ddc608aa5/tomli-2.4.1-cp311-cp311-musllinux_1_2_x86_64.whl", hash = "sha256:ec9bfaf3ad2df51ace80688143a6a4ebc09a248f6ff781a9945e51937008fcbc", size = 247859, upload-time = "2026-03-25T20:21:17.001Z" },
    { url = "https://files.pythonhosted.org/packages/83/bd/6c1a630eaca337e1e78c5903104f831bda934c426f9231429396ce3c3467/tomli-2.4.1-cp311-cp311-win32.whl", hash = "sha256:ff2983983d34813c1aeb0fa89091e76c3a22889ee83ab27c5eeb45100560c049", size = 97204, upload-time = "2026-03-25T20:21:18.079Z" },
    { url = "https://files.pythonhosted.org/packages/42/59/71461df1a885647e10b6bb7802d0b8e66480c61f3f43079e0dcd315b3954/tomli-2.4.1-cp311-cp311-win_amd64.whl", hash = "sha256:5ee18d9ebdb417e384b58fe414e8d6af9f4e7a0ae761519fb50f721de398dd4e", size = 108084, upload-time = "2026-03-25T20:21:18.978Z" },
    { url = "https://files.pythonhosted.org/packages/b8/83/dceca96142499c069475b790e7913b1044c1a4337e700751f48ed723f883/tomli-2.4.1-cp311-cp311-win_arm64.whl", hash = "sha256:c2541745709bad0264b7d4705ad453b76ccd191e64aa6f0fc66b69a293a45ece", size = 95285, upload-time = "2026-03-25T20:21:20.309Z" },
    { url = "https://files.pythonhosted.org/packages/c1/ba/42f134a3fe2b370f555f44b1d72feebb94debcab01676bf918d0cb70e9aa/tomli-2.4.1-cp312-cp312-macosx_10_13_x86_64.whl", hash = "sha256:c742f741d58a28940ce01d58f0ab2ea3ced8b12402f162f4d534dfe18ba1cd6a", size = 155924, upload-time = "2026-03-25T20:21:21.626Z" },
    { url = "https://files.pythonhosted.org/packages/dc/c7/62d7a17c26487ade21c5422b646110f2162f1fcc95980ef7f63e73c68f14/tomli-2.4.1-cp312-cp312-macosx_11_0_arm64.whl", hash = "sha256:7f86fd587c4ed9dd76f318225e7d9b29cfc5a9d43de44e5754db8d1128487085", size = 150018, upload-time = "2026-03-25T20:21:23.002Z" },
    { url = "https://files.pythonhosted.org/packages/5c/05/79d13d7c15f13bdef410bdd49a6485b1c37d28968314eabee452c22a7fda/tomli-2.4.1-cp312-cp312-manylinux2014_aarch64.manylinux_2_17_aarch64.manylinux_2_28_aarch64.whl", hash = "sha256:ff18e6a727ee0ab0388507b89d1bc6a22b138d1e2fa56d1ad494586d61d2eae9", size = 244948, upload-time = "2026-03-25T20:21:24.04Z" },
    { url = "https://files.pythonhosted.org/packages/10/90/d62ce007a1c80d0b2c93e02cab211224756240884751b94ca72df8a875ca/tomli-2.4.1-cp312-cp312-manylinux2014_x86_64.manylinux_2_17_x86_64.manylinux_2_28_x86_64.whl", hash = "sha256:136443dbd7e1dee43c68ac2694fde36b2849865fa258d39bf822c10e8068eac5", size = 253341, upload-time = "2026-03-25T20:21:25.177Z" },
    { url = "https://files.pythonhosted.org/packages/1a/7e/caf6496d60152ad4ed09282c1885cca4eea150bfd007da84aea07bcc0a3e/tomli-2.4.1-cp312-cp312-musllinux_1_2_aarch64.whl", hash = "sha256:5e262d41726bc187e69af7825504c933b6794dc3fbd5945e41a79bb14c31f585", size = 248159, upload-time = "2026-03-25T20:21:26.364Z" },
    { url = "https://files.pythonhosted.org/packages/99/e7/c6f69c3120de34bbd882c6fba7975f3d7a746e9218e56ab46a1bc4b42552/tomli-2.4.1-cp312-cp312-musllinux_1_2_x86_64.whl", hash = "sha256:5cb41aa38891e073ee49d55fbc7839cfdb2bc0e600add13874d048c94aadddd1", size = 253290, upload-time = "2026-03-25T20:21:27.46Z" },
    { url = "https://files.pythonhosted.org/packages/d6/2f/4a3c322f22c5c66c4b836ec58211641a4067364f5dcdd7b974b4c5da300c/tomli-2.4.1-cp312-cp312-win32.whl", hash = "sha256:da25dc3563bff5965356133435b757a795a17b17d01dbc0f42fb32447ddfd917", size = 98141, upload-time = "2026-03-25T20:21:28.492Z" },
    { url = "https://files.pythonhosted.org/packages/24/22/4daacd05391b92c55759d55eaee21e1dfaea86ce5c571f10083360adf534/tomli-2.4.1-cp312-cp312-win_amd64.whl", hash = "sha256:52c8ef851d9a240f11a88c003eacb03c31fc1c9c4ec64a99a0f922b93874fda9", size = 108847, upload-time = "2026-03-25T20:21:29.386Z" },
    { url = "https://files.pythonhosted.org/packages/68/fd/70e768887666ddd9e9f5d85129e84910f2db2796f9096aa02b721a53098d/tomli-2.4.1-cp312-cp312-win_arm64.whl", hash = "sha256:f758f1b9299d059cc3f6546ae2af89670cb1c4d48ea29c3cacc4fe7de3058257", size = 95088, upload-time = "2026-03-25T20:21:30.677Z" },
    { url = "https://files.pythonhosted.org/packages/07/06/b823a7e818c756d9a7123ba2cda7d07bc2dd32835648d1a7b7b7a05d848d/tomli-2.4.1-cp313-cp313-macosx_10_13_x86_64.whl", hash = "sha256:36d2bd2ad5fb9eaddba5226aa02c8ec3fa4f192631e347b3ed28186d43be6b54", size = 155866, upload-time = "2026-03-25T20:21:31.65Z" },
    { url = "https://files.pythonhosted.org/packages/14/6f/12645cf7f08e1a20c7eb8c297c6f11d31c1b50f316a7e7e1e1de6e2e7b7e/tomli-2.4.1-cp313-cp313-macosx_11_0_arm64.whl", hash = "sha256:eb0dc4e38e6a1fd579e5d50369aa2e10acfc9cace504579b2faabb478e76941a", size = 149887, upload-time = "2026-03-25T20:21:33.028Z" },
    { url = "https://files.pythonhosted.org/packages/5c/e0/90637574e5e7212c09099c67ad349b04ec4d6020324539297b634a0192b0/tomli-2.4.1-cp313-cp313-manylinux2014_aarch64.manylinux_2_17_aarch64.manylinux_2_28_aarch64.whl", hash = "sha256:c7f2c7f2b9ca6bdeef8f0fa897f8e05085923eb091721675170254cbc5b02897", size = 243704, upload-time = "2026-03-25T20:21:34.51Z" },
    { url = "https://files.pythonhosted.org/packages/10/8f/d3ddb16c5a4befdf31a23307f72828686ab2096f068eaf56631e136c1fdd/tomli-2.4.1-cp313-cp313-manylinux2014_x86_64.manylinux_2_17_x86_64.manylinux_2_28_x86_64.whl", hash = "sha256:f3c6818a1a86dd6dca7ddcaaf76947d5ba31aecc28cb1b67009a5877c9a64f3f", size = 251628, upload-time = "2026-03-25T20:21:36.012Z" },
    { url = "https://files.pythonhosted.org/packages/e3/f1/dbeeb9116715abee2485bf0a12d07a8f31af94d71608c171c45f64c0469d/tomli-2.4.1-cp313-cp313-musllinux_1_2_aarch64.whl", hash = "sha256:d312ef37c91508b0ab2cee7da26ec0b3ed2f03ce12bd87a588d771ae15dcf82d", size = 247180, upload-time = "2026-03-25T20:21:37.136Z" },
    { url = "https://files.pythonhosted.org/packages/d3/74/16336ffd19ed4da28a70959f92f506233bd7cfc2332b20bdb01591e8b1d1/tomli-2.4.1-cp313-cp313-musllinux_1_2_x86_64.whl", hash = "sha256:51529d40e3ca50046d7606fa99ce3956a617f9b36380da3b7f0dd3dd28e68cb5", size = 251674, upload-time = "2026-03-25T20:21:38.298Z" },
    { url = "https://files.pythonhosted.org/packages/16/f9/229fa3434c590ddf6c0aa9af64d3af4b752540686cace29e6281e3458469/tomli-2.4.1-cp313-cp313-win32.whl", hash = "sha256:2190f2e9dd7508d2a90ded5ed369255980a1bcdd58e52f7fe24b8162bf9fedbd", size = 97976, upload-time = "2026-03-25T20:21:39.316Z" },
    { url = "https://files.pythonhosted.org/packages/6a/1e/71dfd96bcc1c775420cb8befe7a9d35f2e5b1309798f009dca17b7708c1e/tomli-2.4.1-cp313-cp313-win_amd64.whl", hash = "sha256:8d65a2fbf9d2f8352685bc1364177ee3923d6baf5e7f43ea4959d7d8bc326a36", size = 108755, upload-time = "2026-03-25T20:21:40.248Z" },
    { url = "https://files.pythonhosted.org/packages/83/7a/d34f422a021d62420b78f5c538e5b102f62bea616d1d75a13f0a88acb04a/tomli-2.4.1-cp313-cp313-win_arm64.whl", hash = "sha256:4b605484e43cdc43f0954ddae319fb75f04cc10dd80d830540060ee7cd0243cd", size = 95265, upload-time = "2026-03-25T20:21:41.219Z" },
    { url = "https://files.pythonhosted.org/packages/3c/fb/9a5c8d27dbab540869f7c1f8eb0abb3244189ce780ba9cd73f3770662072/tomli-2.4.1-cp314-cp314-macosx_10_15_x86_64.whl", hash = "sha256:fd0409a3653af6c147209d267a0e4243f0ae46b011aa978b1080359fddc9b6cf", size = 155726, upload-time = "2026-03-25T20:21:42.23Z" },
    { url = "https://files.pythonhosted.org/packages/62/05/d2f816630cc771ad836af54f5001f47a6f611d2d39535364f148b6a92d6b/tomli-2.4.1-cp314-cp314-macosx_11_0_arm64.whl", hash = "sha256:a120733b01c45e9a0c34aeef92bf0cf1d56cfe81ed9d47d562f9ed591a9828ac", size = 149859, upload-time = "2026-03-25T20:21:43.386Z" },
    { url = "https://files.pythonhosted.org/packages/ce/48/66341bdb858ad9bd0ceab5a86f90eddab127cf8b046418009f2125630ecb/tomli-2.4.1-cp314-cp314-manylinux2014_aarch64.manylinux_2_17_aarch64.manylinux_2_28_aarch64.whl", hash = "sha256:559db847dc486944896521f68d8190be1c9e719fced785720d2216fe7022b662", size = 244713, upload-time = "2026-03-25T20:21:44.474Z" },
    { url = "https://files.pythonhosted.org/packages/df/6d/c5fad00d82b3c7a3ab6189bd4b10e60466f22cfe8a08a9394185c8a8111c/tomli-2.4.1-cp314-cp314-manylinux2014_x86_64.manylinux_2_17_x86_64.manylinux_2_28_x86_64.whl", hash = "sha256:01f520d4f53ef97964a240a035ec2a869fe1a37dde002b57ebc4417a27ccd853", size = 252084, upload-time = "2026-03-25T20:21:45.62Z" },
    { url = "https://files.pythonhosted.org/packages/00/71/3a69e86f3eafe8c7a59d008d245888051005bd657760e96d5fbfb0b740c2/tomli-2.4.1-cp314-cp314-musllinux_1_2_aarch64.whl", hash = "sha256:7f94b27a62cfad8496c8d2513e1a222dd446f095fca8987fceef261225538a15", size = 247973, upload-time = "2026-03-25T20:21:46.937Z" },
    { url = "https://files.pythonhosted.org/packages/67/50/361e986652847fec4bd5e4a0208752fbe64689c603c7ae5ea7cb16b1c0ca/tomli-2.4.1-cp314-cp314-musllinux_1_2_x86_64.whl", hash = "sha256:ede3e6487c5ef5d28634ba3f31f989030ad6af71edfb0055cbbd14189ff240ba", size = 256223, upload-time = "2026-03-25T20:21:48.467Z" },
    { url = "https://files.pythonhosted.org/packages/8c/9a/b4173689a9203472e5467217e0154b00e260621caa227b6fa01feab16998/tomli-2.4.1-cp314-cp314-win32.whl", hash = "sha256:3d48a93ee1c9b79c04bb38772ee1b64dcf18ff43085896ea460ca8dec96f35f6", size = 98973, upload-time = "2026-03-25T20:21:49.526Z" },
    { url = "https://files.pythonhosted.org/packages/14/58/640ac93bf230cd27d002462c9af0d837779f8773bc03dee06b5835208214/tomli-2.4.1-cp314-cp314-win_amd64.whl", hash = "sha256:88dceee75c2c63af144e456745e10101eb67361050196b0b6af5d717254dddf7", size = 109082, upload-time = "2026-03-25T20:21:50.506Z" },
    { url = "https://files.pythonhosted.org/packages/d5/2f/702d5e05b227401c1068f0d386d79a589bb12bf64c3d2c72ce0631e3bc49/tomli-2.4.1-cp314-cp314-win_arm64.whl", hash = "sha256:b8c198f8c1805dc42708689ed6864951fd2494f924149d3e4bce7710f8eb5232", size = 96490, upload-time = "2026-03-25T20:21:51.474Z" },
    { url = "https://files.pythonhosted.org/packages/45/4b/b877b05c8ba62927d9865dd980e34a755de541eb65fffba52b4cc495d4d2/tomli-2.4.1-cp314-cp314t-macosx_10_15_x86_64.whl", hash = "sha256:d4d8fe59808a54658fcc0160ecfb1b30f9089906c50b23bcb4c69eddc19ec2b4", size = 164263, upload-time = "2026-03-25T20:21:52.543Z" },
    { url = "https://files.pythonhosted.org/packages/24/79/6ab420d37a270b89f7195dec5448f79400d9e9c1826df982f3f8e97b24fd/tomli-2.4.1-cp314-cp314t-macosx_11_0_arm64.whl", hash = "sha256:7008df2e7655c495dd12d2a4ad038ff878d4ca4b81fccaf82b714e07eae4402c", size = 160736, upload-time = "2026-03-25T20:21:53.674Z" },
    { url = "https://files.pythonhosted.org/packages/02/e0/3630057d8eb170310785723ed5adcdfb7d50cb7e6455f85ba8a3deed642b/tomli-2.4.1-cp314-cp314t-manylinux2014_aarch64.manylinux_2_17_aarch64.manylinux_2_28_aarch64.whl", hash = "sha256:1d8591993e228b0c930c4bb0db464bdad97b3289fb981255d6c9a41aedc84b2d", size = 270717, upload-time = "2026-03-25T20:21:55.129Z" },
    { url = "https://files.pythonhosted.org/packages/7a/b4/1613716072e544d1a7891f548d8f9ec6ce2faf42ca65acae01d76ea06bb0/tomli-2.4.1-cp314-cp314t-manylinux2014_x86_64.manylinux_2_17_x86_64.manylinux_2_28_x86_64.whl", hash = "sha256:734e20b57ba95624ecf1841e72b53f6e186355e216e5412de414e3c51e5e3c41", size = 278461, upload-time = "2026-03-25T20:21:56.228Z" },
    { url = "https://files.pythonhosted.org/packages/05/38/30f541baf6a3f6df77b3df16b01ba319221389e2da59427e221ef417ac0c/tomli-2.4.1-cp314-cp314t-musllinux_1_2_aarch64.whl", hash = "sha256:8a650c2dbafa08d42e51ba0b62740dae4ecb9338eefa093aa5c78ceb546fcd5c", size = 274855, upload-time = "2026-03-25T20:21:57.653Z" },
    { url = "https://files.pythonhosted.org/packages/77/a3/ec9dd4fd2c38e98de34223b995a3b34813e6bdadf86c75314c928350ed14/tomli-2.4.1-cp314-cp314t-musllinux_1_2_x86_64.whl", hash = "sha256:504aa796fe0569bb43171066009ead363de03675276d2d121ac1a4572397870f", size = 283144, upload-time = "2026-03-25T20:21:59.089Z" },
    { url = "https://files.pythonhosted.org/packages/ef/be/605a6261cac79fba2ec0c9827e986e00323a1945700969b8ee0b30d85453/tomli-2.4.1-cp314-cp314t-win32.whl", hash = "sha256:b1d22e6e9387bf4739fbe23bfa80e93f6b0373a7f1b96c6227c32bef95a4d7a8", size = 108683, upload-time = "2026-03-25T20:22:00.214Z" },
    { url = "https://files.pythonhosted.org/packages/12/64/da524626d3b9cc40c168a13da8335fe1c51be12c0a63685cc6db7308daae/tomli-2.4.1-cp314-cp314t-win_amd64.whl", hash = "sha256:2c1c351919aca02858f740c6d33adea0c5deea37f9ecca1cc1ef9e884a619d26", size = 121196, upload-time = "2026-03-25T20:22:01.169Z" },
    { url = "https://files.pythonhosted.org/packages/5a/cd/e80b62269fc78fc36c9af5a6b89c835baa8af28ff5ad28c7028d60860320/tomli-2.4.1-cp314-cp314t-win_arm64.whl", hash = "sha256:eab21f45c7f66c13f2a9e0e1535309cee140182a9cdae1e041d02e47291e8396", size = 100393, upload-time = "2026-03-25T20:22:02.137Z" },
    { url = "https://files.pythonhosted.org/packages/7b/61/cceae43728b7de99d9b847560c262873a1f6c98202171fd5ed62640b494b/tomli-2.4.1-py3-none-any.whl", hash = "sha256:0d85819802132122da43cb86656f8d1f8c6587d54ae7dcaf30e90533028b49fe", size = 14583, upload-time = "2026-03-25T20:22:03.012Z" },
]

[[package]]
name = "typing-extensions"
version = "4.15.0"
source = { registry = "https://pypi.org/simple" }
sdist = { url = "https://files.pythonhosted.org/packages/72/94/1a15dd82efb362ac84269196e94cf00f187f7ed21c242792a923cdb1c61f/typing_extensions-4.15.0.tar.gz", hash = "sha256:0cea48d173cc12fa28ecabc3b837ea3cf6f38c6d1136f85cbaaf598984861466", size = 109391, upload-time = "2025-08-25T13:49:26.313Z" }
wheels = [
    { url = "https://files.pythonhosted.org/packages/18/67/36e9267722cc04a6b9f15c7f3441c2363321a3ea07da7ae0c0707beb2a9c/typing_extensions-4.15.0-py3-none-any.whl", hash = "sha256:f0fa19c6845758ab08074a0cfa8b7aecb71c999ca73d62883bc25cc018c4e548", size = 44614, upload-time = "2025-08-25T13:49:24.86Z" },
]
